{
  "lockfileVersion": 1,
  "configVersion": 1,
  "workspaces": {
    "": {
      "name": "catalyst",
      "dependencies": {
        "@kubernetes-models/argo-cd": "^2.7.2",
        "@kubernetes-models/cert-manager": "^4.4.4",
        "@kubernetes-models/gateway-api": "^0.7.4",
        "kubernetes-models": "^4.5.1",
        "yaml": "^2.7.0",
      },
      "devDependencies": {
        "bun-types": "^1.3.11",
      },
    },
  },
  "packages": {
    "@kubernetes-models/apimachinery": ["@kubernetes-models/apimachinery@2.2.0", "", { "dependencies": { "@kubernetes-models/base": "^5.0.1", "@kubernetes-models/validate": "^4.0.0", "@swc/helpers": "^0.5.8" } }, "sha512-7Yj3aMz/nCTdr221wHOMsw5vAMJnLqANMI3BTuCmYjbP+7/tGAaOsiFwT75F4TJH45Dk1P6wcAEqDeCD1ur82Q=="],

    "@kubernetes-models/argo-cd": ["@kubernetes-models/argo-cd@2.7.2", "", { "dependencies": { "@kubernetes-models/apimachinery": "^2.2.0", "@kubernetes-models/base": "^5.0.1", "@kubernetes-models/validate": "^4.0.0", "@swc/helpers": "^0.5.8" } }, "sha512-Dge+7Uq54dt5c3pzusOw8i26FHWqJiyiFqHKQKHUNjOq2zb3e7LY2OYBrNP7hDSoM0Ap5K9cJTMgNzsaaKdjOQ=="],

    "@kubernetes-models/base": ["@kubernetes-models/base@5.0.1", "", { "dependencies": { "@kubernetes-models/validate": "^4.0.0", "is-plain-object": "^5.0.0", "tslib": "^2.4.0" } }, "sha512-Yfzmh965y/hT8qs9eE+Ms9sO1iT31c/sPoJerBFRGS9KechXXfxHgeqtpOzq+eByQ1INblkcZ09rt2V0FxG0lA=="],

    "@kubernetes-models/cert-manager": ["@kubernetes-models/cert-manager@4.4.4", "", { "dependencies": { "@kubernetes-models/apimachinery": "^2.2.0", "@kubernetes-models/base": "^5.0.1", "@kubernetes-models/validate": "^4.0.0", "@swc/helpers": "^0.5.8" } }, "sha512-tBpBIzh8OV1QSlERkovXflvvfRZ2Xgq2Ah46+MIoKZzU9TpRe2Zh/m4SMZHdpvAC+zpBkvC/sAIK/Z1Dm+vzJQ=="],

    "@kubernetes-models/gateway-api": ["@kubernetes-models/gateway-api@0.7.4", "", { "dependencies": { "@kubernetes-models/apimachinery": "^2.2.0", "@kubernetes-models/base": "^5.0.1", "@kubernetes-models/validate": "^4.0.0", "@swc/helpers": "^0.5.8" } }, "sha512-nOxmTEqvEIZtp4xDvrxo1JCfmnozisJF4Y05hyhszZtqgfSLaVkAJI6fQOpzNH38yJA8sCo6GtyaoaJRryI/Ag=="],

    "@kubernetes-models/validate": ["@kubernetes-models/validate@4.0.0", "", { "dependencies": { "ajv": "^8.12.0", "ajv-formats": "^2.1.1", "ajv-formats-draft2019": "^1.6.1", "ajv-i18n": "^4.2.0", "is-cidr": "^4.0.0", "tslib": "^2.4.0" }, "optionalDependencies": { "re2-wasm": "^1.0.2" } }, "sha512-rsfF5t3sd5c+3ejUgcy8q0cVG2/BxT064L4Xz+CuKEe014u8T4MtFZiWjWZFpfMXSGKzFYEA6DJYm9CqjmIfZg=="],

    "@swc/helpers": ["@swc/helpers@0.5.21", "", { "dependencies": { "tslib": "^2.8.0" } }, "sha512-jI/VAmtdjB/RnI8GTnokyX7Ug8c+g+ffD6QRLa6XQewtnGyukKkKSk3wLTM3b5cjt1jNh9x0jfVlagdN2gDKQg=="],

    "@types/node": ["@types/node@25.5.2", "", { "dependencies": { "undici-types": "~7.18.0" } }, "sha512-tO4ZIRKNC+MDWV4qKVZe3Ql/woTnmHDr5JD8UI5hn2pwBrHEwOEMZK7WlNb5RKB6EoJ02gwmQS9OrjuFnZYdpg=="],

    "ajv": ["ajv@8.18.0", "", { "dependencies": { "fast-deep-equal": "^3.1.3", "fast-uri": "^3.0.1", "json-schema-traverse": "^1.0.0", "require-from-string": "^2.0.2" } }, "sha512-PlXPeEWMXMZ7sPYOHqmDyCJzcfNrUr3fGNKtezX14ykXOEIvyK81d+qydx89KY5O71FKMPaQ2vBfBFI5NHR63A=="],

    "ajv-formats": ["ajv-formats@2.1.1", "", { "dependencies": { "ajv": "^8.0.0" } }, "sha512-Wx0Kx52hxE7C18hkMEggYlEifqWZtYaRgouJor+WMdPnQyEK13vgEWyVNup7SoeeoLMsr4kf5h6dOW11I15MUA=="],

    "ajv-formats-draft2019": ["ajv-formats-draft2019@1.6.1", "", { "dependencies": { "punycode": "^2.1.1", "schemes": "^1.4.0", "smtp-address-parser": "^1.0.3", "uri-js": "^4.4.1" }, "peerDependencies": { "ajv": "*" } }, "sha512-JQPvavpkWDvIsBp2Z33UkYCtXCSpW4HD3tAZ+oL4iEFOk9obQZffx0yANwECt6vzr6ET+7HN5czRyqXbnq/u0Q=="],

    "ajv-i18n": ["ajv-i18n@4.2.0", "", { "peerDependencies": { "ajv": "^8.0.0-beta.0" } }, "sha512-v/ei2UkCEeuKNXh8RToiFsUclmU+G57LO1Oo22OagNMENIw+Yb8eMwvHu7Vn9fmkjJyv6XclhJ8TbuigSglPkg=="],

    "bun-types": ["bun-types@1.3.11", "", { "dependencies": { "@types/node": "*" } }, "sha512-1KGPpoxQWl9f6wcZh57LvrPIInQMn2TQ7jsgxqpRzg+l0QPOFvJVH7HmvHo/AiPgwXy+/Thf6Ov3EdVn1vOabg=="],

    "cidr-regex": ["cidr-regex@3.1.1", "", { "dependencies": { "ip-regex": "^4.1.0" } }, "sha512-RBqYd32aDwbCMFJRL6wHOlDNYJsPNTt8vC82ErHF5vKt8QQzxm1FrkW8s/R5pVrXMf17sba09Uoy91PKiddAsw=="],

    "commander": ["commander@2.20.3", "", {}, "sha512-GpVkmM8vF2vQUkj2LvZmD35JxeJOLCwJ9cUkugyk2nuhbv3+mJvpLYYt+0+USMxE+oj+ey/lJEnhZw75x/OMcQ=="],

    "discontinuous-range": ["discontinuous-range@1.0.0", "", {}, "sha512-c68LpLbO+7kP/b1Hr1qs8/BJ09F5khZGTxqxZuhzxpmwJKOgRFHJWIb9/KmqnqHhLdO55aOxFH/EGBvUQbL/RQ=="],

    "extend": ["extend@3.0.2", "", {}, "sha512-fjquC59cD7CyW6urNXK0FBufkZcoiGG80wTuPujX590cB5Ttln20E2UB4S/WARVqhXffZl2LNgS+gQdPIIim/g=="],

    "fast-deep-equal": ["fast-deep-equal@3.1.3", "", {}, "sha512-f3qQ9oQy9j2AhBe/H9VC91wLmKBCCU/gDOnKNAYG5hswO7BLKj09Hc5HYNz9cGI++xlpDCIgDaitVs03ATR84Q=="],

    "fast-uri": ["fast-uri@3.1.0", "", {}, "sha512-iPeeDKJSWf4IEOasVVrknXpaBV0IApz/gp7S2bb7Z4Lljbl2MGJRqInZiUrQwV16cpzw/D3S5j5Julj/gT52AA=="],

    "ip-regex": ["ip-regex@4.3.0", "", {}, "sha512-B9ZWJxHHOHUhUjCPrMpLD4xEq35bUTClHM1S6CBU5ixQnkZmwipwgc96vAd7AAGM9TGHvJR+Uss+/Ak6UphK+Q=="],

    "is-cidr": ["is-cidr@4.0.2", "", { "dependencies": { "cidr-regex": "^3.1.1" } }, "sha512-z4a1ENUajDbEl/Q6/pVBpTR1nBjjEE1X7qb7bmWYanNnPoKAvUCPFKeXV6Fe4mgTkWKBqiHIcwsI3SndiO5FeA=="],

    "is-plain-object": ["is-plain-object@5.0.0", "", {}, "sha512-VRSzKkbMm5jMDoKLbltAkFQ5Qr7VDiTFGXxYFXXowVj387GeGNOCsOH6Msy00SGZ3Fp84b1Naa1psqgcCIEP5Q=="],

    "json-schema-traverse": ["json-schema-traverse@1.0.0", "", {}, "sha512-NM8/P9n3XjXhIZn1lLhkFaACTOURQXjWhV4BA/RnOv8xvgqtqpAX9IO4mRQxSx1Rlo4tqzeqb0sOlruaOy3dug=="],

    "kubernetes-models": ["kubernetes-models@4.5.1", "", { "dependencies": { "@kubernetes-models/apimachinery": "^2.2.0", "@kubernetes-models/base": "^5.0.1", "@kubernetes-models/validate": "^4.0.0", "@swc/helpers": "^0.5.8" } }, "sha512-M/dxDW9hLjVQkRJkMAZbYLLbIj5ZrItgL9ZLJhla2bURUHhQ1CoLAz0+2bcfvAVgu0KFwP9x0kjypYVdWYajXw=="],

    "moo": ["moo@0.5.3", "", {}, "sha512-m2fmM2dDm7GZQsY7KK2cme8agi+AAljILjQnof7p1ZMDe6dQ4bdnSMx0cPppudoeNv5hEFQirN6u+O4fDE0IWA=="],

    "nearley": ["nearley@2.20.1", "", { "dependencies": { "commander": "^2.19.0", "moo": "^0.5.0", "railroad-diagrams": "^1.0.0", "randexp": "0.4.6" }, "bin": { "nearleyc": "bin/nearleyc.js", "nearley-test": "bin/nearley-test.js", "nearley-unparse": "bin/nearley-unparse.js", "nearley-railroad": "bin/nearley-railroad.js" } }, "sha512-+Mc8UaAebFzgV+KpI5n7DasuuQCHA89dmwm7JXw3TV43ukfNQ9DnBH3Mdb2g/I4Fdxc26pwimBWvjIw0UAILSQ=="],

    "punycode": ["punycode@2.3.1", "", {}, "sha512-vYt7UD1U9Wg6138shLtLOvdAu+8DsC/ilFtEVHcH+wydcSpNE20AfSOduf6MkRFahL5FY7X1oU7nKVZFtfq8Fg=="],

    "railroad-diagrams": ["railroad-diagrams@1.0.0", "", {}, "sha512-cz93DjNeLY0idrCNOH6PviZGRN9GJhsdm9hpn1YCS879fj4W+x5IFJhhkRZcwVgMmFF7R82UA/7Oh+R8lLZg6A=="],

    "randexp": ["randexp@0.4.6", "", { "dependencies": { "discontinuous-range": "1.0.0", "ret": "~0.1.10" } }, "sha512-80WNmd9DA0tmZrw9qQa62GPPWfuXJknrmVmLcxvq4uZBdYqb1wYoKTmnlGUchvVWe0XiLupYkBoXVOxz3C8DYQ=="],

    "re2-wasm": ["re2-wasm@1.0.2", "", {}, "sha512-VXUdgSiUrE/WZXn6gUIVVIsg0+Hp6VPZPOaHCay+OuFKy6u/8ktmeNEf+U5qSA8jzGGFsg8jrDNu1BeHpz2pJA=="],

    "require-from-string": ["require-from-string@2.0.2", "", {}, "sha512-Xf0nWe6RseziFMu+Ap9biiUbmplq6S9/p+7w7YXP/JBHhrUDDUhwa+vANyubuqfZWTveU//DYVGsDG7RKL/vEw=="],

    "ret": ["ret@0.1.15", "", {}, "sha512-TTlYpa+OL+vMMNG24xSlQGEJ3B/RzEfUlLct7b5G/ytav+wPrplCpVMFuwzXbkecJrb6IYo1iFb0S9v37754mg=="],

    "schemes": ["schemes@1.4.0", "", { "dependencies": { "extend": "^3.0.0" } }, "sha512-ImFy9FbCsQlVgnE3TCWmLPCFnVzx0lHL/l+umHplDqAKd0dzFpnS6lFZIpagBlYhKwzVmlV36ec0Y1XTu8JBAQ=="],

    "smtp-address-parser": ["smtp-address-parser@1.1.0", "", { "dependencies": { "nearley": "^2.20.1" } }, "sha512-Gz11jbNU0plrReU9Sj7fmshSBxxJ9ShdD2q4ktHIHo/rpTH6lFyQoYHYKINPJtPe8aHFnsbtW46Ls0tCCBsIZg=="],

    "tslib": ["tslib@2.8.1", "", {}, "sha512-oJFu94HQb+KVduSUQL7wnpmqnfmLsOA/nAh6b6EH0wCEoK0/mPeXU6c3wKDV83MkOuHPRHtSXKKU99IBazS/2w=="],

    "undici-types": ["undici-types@7.18.2", "", {}, "sha512-AsuCzffGHJybSaRrmr5eHr81mwJU3kjw6M+uprWvCXiNeN9SOGwQ3Jn8jb8m3Z6izVgknn1R0FTCEAP2QrLY/w=="],

    "uri-js": ["uri-js@4.4.1", "", { "dependencies": { "punycode": "^2.1.0" } }, "sha512-7rKUyy33Q1yc98pQ1DAmLtwX109F7TIfWlW1Ydo8Wl1ii1SeHieeh0HHfPeL2fMXK6z0s8ecKs9frCuLJvndBg=="],

    "yaml": ["yaml@2.8.3", "", { "bin": { "yaml": "bin.mjs" } }, "sha512-AvbaCLOO2Otw/lW5bmh9d/WEdcDFdQp2Z2ZUH3pX9U2ihyUY0nvLv7J6TrWowklRGPYbB/IuIMfYgxaCPg5Bpg=="],
  }
}
