{
  "version": "4",
  "specifiers": {
    "npm:cdk8s@*": "2.69.54_constructs@10.4.2",
    "npm:cdk8s@^2.69.54": "2.69.54_constructs@10.4.2",
    "npm:constructs@*": "10.4.2",
    "npm:constructs@^10.4.2": "10.4.2"
  },
  "npm": {
    "cdk8s@2.69.54_constructs@10.4.2": {
      "integrity": "sha512-twgfdP4ZAjPSvMAoPufbmO38EXo5v16Kx0k8uNIlk/kFrCNDzCAtlqCqVBpHVlWo/U3Hq9X76Vr2UoEIhyvEfw==",
      "dependencies": [
        "constructs",
        "fast-json-patch",
        "follow-redirects",
        "yaml"
      ]
    },
    "constructs@10.4.2": {
      "integrity": "sha512-wsNxBlAott2qg8Zv87q3eYZYgheb9lchtBfjHzzLHtXbttwSrHPs1NNQbBrmbb1YZvYg2+Vh0Dor76w4mFxJkA=="
    },
    "fast-json-patch@3.1.1": {
      "integrity": "sha512-vf6IHUX2SBcA+5/+4883dsIjpBTqmfBjmYiWK1savxQmFk4JfBMLa7ynTYOs1Rolp/T1betJxHiGD3g1Mn8lUQ=="
    },
    "follow-redirects@1.15.9": {
      "integrity": "sha512-gew4GsXizNgdoRyqmyfMHyAmXsZDk6mHkSxZFCzW9gwlbtOW44CDtYavM+y+72qD/Vq2l550kMF52DT8fOLJqQ=="
    },
    "yaml@2.7.0": {
      "integrity": "sha512-+hSoy/QHluxmC9kCIJyL/uyFmLmc+e5CFR5Wa+bpIhIj85LVb9ZH2nVnqrHoSvKogwODv0ClqZkmiSSaIH5LTA=="
    }
  },
  "workspace": {
    "dependencies": [
      "npm:cdk8s@^2.69.54",
      "npm:constructs@^10.4.2"
    ]
  }
}
